{
  "originHash" : "f22f113c603b4f7f4a702039a1bfca9a0fae2d14def22c0559fc657382106a98",
  "pins" : [
    {
      "identity" : "clutchaccountmodule",
      "kind" : "remoteSourceControl",
      "location" : "https://github.com/engingulek/ClutchAccountModule",
      "state" : {
        "branch" : "develop",
        "revision" : "1b0c0f1afc02c54472216168ec3b9ef65a6dbbd1"
      }
    },
    {
      "identity" : "clutchcorekit",
      "kind" : "remoteSourceControl",
      "location" : "https://github.com/engingulek/ClutchCoreKit",
      "state" : {
        "branch" : "master",
        "revision" : "8601ac460eec9f1cecc6b78ded55216c5478f09d"
      }
    },
    {
      "identity" : "clutchmanagerkits",
      "kind" : "remoteSourceControl",
      "location" : "https://github.com/engingulek/ClutchManagerKits",
      "state" : {
        "branch" : "develop",
        "revision" : "d78f4577b6f5a818380dca85db656b4e2d305933"
      }
    },
    {
      "identity" : "clutchmodularprotocols",
      "kind" : "remoteSourceControl",
      "location" : "https://github.com/engingulek/ClutchModularProtocols",
      "state" : {
        "revision" : "8a447c7bd2b5ee969bcb8192a880a4febcbe2de9",
        "version" : "0.0.5"
      }
    },
    {
      "identity" : "clutchnavigationkit",
      "kind" : "remoteSourceControl",
      "location" : "https://github.com/engingulek/ClutchNavigationKit",
      "state" : {
        "branch" : "develop",
        "revision" : "d98a617990e287e410e2ebfc4be7b0a6ebaaf408"
      }
    },
    {
      "identity" : "clutchonboardingmodule",
      "kind" : "remoteSourceControl",
      "location" : "https://github.com/engingulek/ClutchOnboardingModule",
      "state" : {
        "branch" : "master",
        "revision" : "a4b1c07d825256736afa733282e357cf3a4f49ee"
      }
    },
    {
      "identity" : "clutchselectfavoriteteammodule",
      "kind" : "remoteSourceControl",
      "location" : "https://github.com/engingulek/ClutchSelectFavoriteTeamModule",
      "state" : {
        "revision" : "67f4579a84197a2dcd15ec5cdd742d3cf0f1f4ba",
        "version" : "0.0.1"
      }
    },
    {
      "identity" : "clutchviewcontrollerablekit",
      "kind" : "remoteSourceControl",
      "location" : "https://github.com/engingulek/ClutchViewControllerAbleKit",
      "state" : {
        "branch" : "master",
        "revision" : "135bc9b96bc22fb895d9e9e4b7f23dfc58c3eb3d"
      }
    },
    {
      "identity" : "hpdependencykit",
      "kind" : "remoteSourceControl",
      "location" : "https://github.com/engingulek/HPDependencyKit",
      "state" : {
        "revision" : "c9305c28ff55ad6eb257fbcfd014f49be7d8f47a",
        "version" : "1.0.0"
      }
    },
    {
      "identity" : "kingfisher",
      "kind" : "remoteSourceControl",
      "location" : "https://github.com/onevcat/Kingfisher.git",
      "state" : {
        "revision" : "dd3c422ec3088404d6f7e8c905a8318b3de12d6f",
        "version" : "8.6.0"
      }
    },
    {
      "identity" : "snapkit",
      "kind" : "remoteSourceControl",
      "location" : "https://github.com/SnapKit/SnapKit",
      "state" : {
        "revision" : "2842e6e84e82eb9a8dac0100ca90d9444b0307f4",
        "version" : "5.7.1"
      }
    },
    {
      "identity" : "swinject",
      "kind" : "remoteSourceControl",
      "location" : "https://github.com/Swinject/Swinject.git",
      "state" : {
        "revision" : "b685b549fe4d8ae265fc7a2f27d0789720425d69",
        "version" : "2.10.0"
      }
    }
  ],
  "version" : 3
}
